// !$*UTF8*$!
{
	archiveVersion = 1;
	classes = {
	};
	objectVersion = 50;
	objects = {

/* Begin PBXBuildFile section */
		1B668DA9565FF79475B2335D /* Pods_SkyAppTests.framework in Frameworks */ = {isa = PBXBuildFile; fileRef = 5B689383E52F7A75217E1359 /* Pods_SkyAppTests.framework */; };
		3B7EE58522324C7F00CD9639 /* CLLocationManager+Rx.swift in Sources */ = {isa = PBXBuildFile; fileRef = 3B7EE58422324C7F00CD9639 /* CLLocationManager+Rx.swift */; };
		3B7EE58722326B3800CD9639 /* Date.swift in Sources */ = {isa = PBXBuildFile; fileRef = 3B7EE58622326B3800CD9639 /* Date.swift */; };
		3B8370B42227E296005B719A /* SettingsDateViewModelTests.swift in Sources */ = {isa = PBXBuildFile; fileRef = 3B8370B32227E296005B719A /* SettingsDateViewModelTests.swift */; };
		3B8370B62227E6EC005B719A /* SettingsTemperatureViewModelTests.swift in Sources */ = {isa = PBXBuildFile; fileRef = 3B8370B52227E6EC005B719A /* SettingsTemperatureViewModelTests.swift */; };
		3B8370B82227EBE5005B719A /* DarkSky.json in Resources */ = {isa = PBXBuildFile; fileRef = 3B8370B72227EBE5005B719A /* DarkSky.json */; };
		3B8370BB2227EC30005B719A /* XCTestCase.swift in Sources */ = {isa = PBXBuildFile; fileRef = 3B8370BA2227EC30005B719A /* XCTestCase.swift */; };
		3B8370BD2227EDA3005B719A /* CurrentWeatherViewModelTests.swift in Sources */ = {isa = PBXBuildFile; fileRef = 3B8370BC2227EDA3005B719A /* CurrentWeatherViewModelTests.swift */; };
		3B8370BF2228DEDF005B719A /* WeekWeatherViewModelTests.swift in Sources */ = {isa = PBXBuildFile; fileRef = 3B8370BE2228DEDF005B719A /* WeekWeatherViewModelTests.swift */; };
		3B8370C12228E065005B719A /* WeekWeatherDayViewModelTests.swift in Sources */ = {isa = PBXBuildFile; fileRef = 3B8370C02228E065005B719A /* WeekWeatherDayViewModelTests.swift */; };
		3B8370C5222CC8D4005B719A /* LocationsViewController.swift in Sources */ = {isa = PBXBuildFile; fileRef = 3B8370C4222CC8D4005B719A /* LocationsViewController.swift */; };
		3B8370C7222CC908005B719A /* LocationsViewCell.swift in Sources */ = {isa = PBXBuildFile; fileRef = 3B8370C6222CC908005B719A /* LocationsViewCell.swift */; };
		3B8370CB222CC9E8005B719A /* LocationViewModel.swift in Sources */ = {isa = PBXBuildFile; fileRef = 3B8370CA222CC9E8005B719A /* LocationViewModel.swift */; };
		3B8370CD222CCC2A005B719A /* LocationRepresentable.swift in Sources */ = {isa = PBXBuildFile; fileRef = 3B8370CC222CCC2A005B719A /* LocationRepresentable.swift */; };
		3B8370CF222CCCE3005B719A /* CLLocation.swift in Sources */ = {isa = PBXBuildFile; fileRef = 3B8370CE222CCCE3005B719A /* CLLocation.swift */; };
		3B8370D3222D0508005B719A /* AddLocationViewController.swift in Sources */ = {isa = PBXBuildFile; fileRef = 3B8370D2222D0508005B719A /* AddLocationViewController.swift */; };
		3B8370D5222D1F78005B719A /* AddLocationViewModel.swift in Sources */ = {isa = PBXBuildFile; fileRef = 3B8370D4222D1F78005B719A /* AddLocationViewModel.swift */; };
		3B8370D7222D303E005B719A /* CurrentLocationViewModel.swift in Sources */ = {isa = PBXBuildFile; fileRef = 3B8370D6222D303E005B719A /* CurrentLocationViewModel.swift */; };
		3B8370D9222D3C1E005B719A /* .gitignore in Resources */ = {isa = PBXBuildFile; fileRef = 3B8370D8222D3C1E005B719A /* .gitignore */; };
		711E30DC22238BA9004264BB /* ForecastData.swift in Sources */ = {isa = PBXBuildFile; fileRef = 711E30DB22238BA9004264BB /* ForecastData.swift */; };
		711E30DE22239533004264BB /* WeekWeatherViewModel.swift in Sources */ = {isa = PBXBuildFile; fileRef = 711E30DD22239533004264BB /* WeekWeatherViewModel.swift */; };
		711E30E02223C266004264BB /* UserDefaults.swift in Sources */ = {isa = PBXBuildFile; fileRef = 711E30DF2223C266004264BB /* UserDefaults.swift */; };
		711E30E22223DE54004264BB /* SettingsTableViewCell.swift in Sources */ = {isa = PBXBuildFile; fileRef = 711E30E12223DE54004264BB /* SettingsTableViewCell.swift */; };
		711E30E62223E044004264BB /* SettingsTableViewController.swift in Sources */ = {isa = PBXBuildFile; fileRef = 711E30E52223E044004264BB /* SettingsTableViewController.swift */; };
		711E30E92224D7BA004264BB /* SettingsDateViewModel.swift in Sources */ = {isa = PBXBuildFile; fileRef = 711E30E82224D7BA004264BB /* SettingsDateViewModel.swift */; };
		711E30EB2224D933004264BB /* SettingsTemperatureViewModel.swift in Sources */ = {isa = PBXBuildFile; fileRef = 711E30EA2224D933004264BB /* SettingsTemperatureViewModel.swift */; };
		711E30EE2224EA25004264BB /* SettingsContent.swift in Sources */ = {isa = PBXBuildFile; fileRef = 711E30ED2224EA25004264BB /* SettingsContent.swift */; };
		711E30F0222516B1004264BB /* WeekWeatherDayViewModel.swift in Sources */ = {isa = PBXBuildFile; fileRef = 711E30EF222516B1004264BB /* WeekWeatherDayViewModel.swift */; };
		711E30F3222524CB004264BB /* WeekWeatherDayRepresentable.swift in Sources */ = {isa = PBXBuildFile; fileRef = 711E30F2222524CB004264BB /* WeekWeatherDayRepresentable.swift */; };
		71CCE68E221AE94600204142 /* AppDelegate.swift in Sources */ = {isa = PBXBuildFile; fileRef = 71CCE68D221AE94600204142 /* AppDelegate.swift */; };
		71CCE690221AE94600204142 /* RootViewController.swift in Sources */ = {isa = PBXBuildFile; fileRef = 71CCE68F221AE94600204142 /* RootViewController.swift */; };
		71CCE693221AE94600204142 /* Main.storyboard in Resources */ = {isa = PBXBuildFile; fileRef = 71CCE691221AE94600204142 /* Main.storyboard */; };
		71CCE695221AE94700204142 /* Assets.xcassets in Resources */ = {isa = PBXBuildFile; fileRef = 71CCE694221AE94700204142 /* Assets.xcassets */; };
		71CCE698221AE94700204142 /* LaunchScreen.storyboard in Resources */ = {isa = PBXBuildFile; fileRef = 71CCE696221AE94700204142 /* LaunchScreen.storyboard */; };
		71CCE6C1221BD2A600204142 /* Default-568h@2x.png in Resources */ = {isa = PBXBuildFile; fileRef = 71CCE6C0221BD2A600204142 /* Default-568h@2x.png */; };
		71CCE6C4221BE5CC00204142 /* Configuration.swift in Sources */ = {isa = PBXBuildFile; fileRef = 71CCE6C3221BE5CC00204142 /* Configuration.swift */; };
		71CCE6C7221BE8DB00204142 /* Location.swift in Sources */ = {isa = PBXBuildFile; fileRef = 71CCE6C6221BE8DB00204142 /* Location.swift */; };
		71CCE6C9221BEE5B00204142 /* WeatherData.swift in Sources */ = {isa = PBXBuildFile; fileRef = 71CCE6C8221BEE5B00204142 /* WeatherData.swift */; };
		71CCE6CC221BEFC200204142 /* WeatherDataManager.swift in Sources */ = {isa = PBXBuildFile; fileRef = 71CCE6CB221BEFC200204142 /* WeatherDataManager.swift */; };
		71CCE6CE221BF65A00204142 /* WeatherDataManagerTest.swift in Sources */ = {isa = PBXBuildFile; fileRef = 71CCE6CD221BF65A00204142 /* WeatherDataManagerTest.swift */; };
		71CCE6D1221C015A00204142 /* URLSessionProtocol.swift in Sources */ = {isa = PBXBuildFile; fileRef = 71CCE6D0221C015A00204142 /* URLSessionProtocol.swift */; };
		71CCE6D4221C02D500204142 /* URLSession.swift in Sources */ = {isa = PBXBuildFile; fileRef = 71CCE6D3221C02D500204142 /* URLSession.swift */; };
		71CCE6D6221C03C100204142 /* URLSessionDataTaskProtocol.swift in Sources */ = {isa = PBXBuildFile; fileRef = 71CCE6D5221C03C100204142 /* URLSessionDataTaskProtocol.swift */; };
		71CCE6D8221C03EE00204142 /* URLSessionDataTask.swift in Sources */ = {isa = PBXBuildFile; fileRef = 71CCE6D7221C03EE00204142 /* URLSessionDataTask.swift */; };
		71CCE6DA221C043800204142 /* MockURLSession.swift in Sources */ = {isa = PBXBuildFile; fileRef = 71CCE6D9221C043800204142 /* MockURLSession.swift */; };
		71CCE6DC221C07E000204142 /* MockURLSessionDataTask.swift in Sources */ = {isa = PBXBuildFile; fileRef = 71CCE6DB221C07E000204142 /* MockURLSessionDataTask.swift */; };
		71CCE6DF221D3C5500204142 /* WeatherViewController.swift in Sources */ = {isa = PBXBuildFile; fileRef = 71CCE6DE221D3C5500204142 /* WeatherViewController.swift */; };
		71CCE6E1221D3FE500204142 /* CurrentWeatherController.swift in Sources */ = {isa = PBXBuildFile; fileRef = 71CCE6E0221D3FE500204142 /* CurrentWeatherController.swift */; };
		71CCE6E3221D420000204142 /* Double.swift in Sources */ = {isa = PBXBuildFile; fileRef = 71CCE6E2221D420000204142 /* Double.swift */; };
		71CCE6E7221E433F00204142 /* CurrentWeatherViewModel.swift in Sources */ = {isa = PBXBuildFile; fileRef = 71CCE6E6221E433F00204142 /* CurrentWeatherViewModel.swift */; };
		71CCE6E9221E454800204142 /* UIImage.swift in Sources */ = {isa = PBXBuildFile; fileRef = 71CCE6E8221E454800204142 /* UIImage.swift */; };
		71CCE6EB221E840900204142 /* CurrentWeatherUITests.swift in Sources */ = {isa = PBXBuildFile; fileRef = 71CCE6EA221E840800204142 /* CurrentWeatherUITests.swift */; };
		71CCE6ED221FF3DF00204142 /* WeekWeatherViewController.swift in Sources */ = {isa = PBXBuildFile; fileRef = 71CCE6EC221FF3DF00204142 /* WeekWeatherViewController.swift */; };
		71CCE6F0221FF50A00204142 /* WeekWeatherTableViewCell.swift in Sources */ = {isa = PBXBuildFile; fileRef = 71CCE6EF221FF50A00204142 /* WeekWeatherTableViewCell.swift */; };
		B57842699D1223EC5A1FFE74 /* Pods_SkyAppUITests.framework in Frameworks */ = {isa = PBXBuildFile; fileRef = 69FC6E071A923CC6F854AEB8 /* Pods_SkyAppUITests.framework */; };
		D0E8B1E70A8727372587998B /* Pods_SkyApp.framework in Frameworks */ = {isa = PBXBuildFile; fileRef = D8EF808C02F7BFE26674231D /* Pods_SkyApp.framework */; };
/* End PBXBuildFile section */

/* Begin PBXContainerItemProxy section */
		71CCE69F221AE94800204142 /* PBXContainerItemProxy */ = {
			isa = PBXContainerItemProxy;
			containerPortal = 71CCE682221AE94600204142 /* Project object */;
			proxyType = 1;
			remoteGlobalIDString = 71CCE689221AE94600204142;
			remoteInfo = SkyApp;
		};
		71CCE6AA221AE94800204142 /* PBXContainerItemProxy */ = {
			isa = PBXContainerItemProxy;
			containerPortal = 71CCE682221AE94600204142 /* Project object */;
			proxyType = 1;
			remoteGlobalIDString = 71CCE689221AE94600204142;
			remoteInfo = SkyApp;
		};
/* End PBXContainerItemProxy section */

/* Begin PBXFileReference section */
		0140E990AD2D1F9AE8DFC2B6 /* Pods-SkyAppUITests.release.xcconfig */ = {isa = PBXFileReference; includeInIndex = 1; lastKnownFileType = text.xcconfig; name = "Pods-SkyAppUITests.release.xcconfig"; path = "Target Support Files/Pods-SkyAppUITests/Pods-SkyAppUITests.release.xcconfig"; sourceTree = "<group>"; };
		01F7B07E7357963F0025BD79 /* Pods-SkyAppTests.debug.xcconfig */ = {isa = PBXFileReference; includeInIndex = 1; lastKnownFileType = text.xcconfig; name = "Pods-SkyAppTests.debug.xcconfig"; path = "Target Support Files/Pods-SkyAppTests/Pods-SkyAppTests.debug.xcconfig"; sourceTree = "<group>"; };
		3B7EE58422324C7F00CD9639 /* CLLocationManager+Rx.swift */ = {isa = PBXFileReference; lastKnownFileType = sourcecode.swift; path = "CLLocationManager+Rx.swift"; sourceTree = "<group>"; };
		3B7EE58622326B3800CD9639 /* Date.swift */ = {isa = PBXFileReference; lastKnownFileType = sourcecode.swift; path = Date.swift; sourceTree = "<group>"; };
		3B8370B32227E296005B719A /* SettingsDateViewModelTests.swift */ = {isa = PBXFileReference; lastKnownFileType = sourcecode.swift; path = SettingsDateViewModelTests.swift; sourceTree = "<group>"; };
		3B8370B52227E6EC005B719A /* SettingsTemperatureViewModelTests.swift */ = {isa = PBXFileReference; lastKnownFileType = sourcecode.swift; path = SettingsTemperatureViewModelTests.swift; sourceTree = "<group>"; };
		3B8370B72227EBE5005B719A /* DarkSky.json */ = {isa = PBXFileReference; lastKnownFileType = text.json; path = DarkSky.json; sourceTree = "<group>"; };
		3B8370BA2227EC30005B719A /* XCTestCase.swift */ = {isa = PBXFileReference; lastKnownFileType = sourcecode.swift; path = XCTestCase.swift; sourceTree = "<group>"; };
		3B8370BC2227EDA3005B719A /* CurrentWeatherViewModelTests.swift */ = {isa = PBXFileReference; lastKnownFileType = sourcecode.swift; path = CurrentWeatherViewModelTests.swift; sourceTree = "<group>"; };
		3B8370BE2228DEDF005B719A /* WeekWeatherViewModelTests.swift */ = {isa = PBXFileReference; lastKnownFileType = sourcecode.swift; path = WeekWeatherViewModelTests.swift; sourceTree = "<group>"; };
		3B8370C02228E065005B719A /* WeekWeatherDayViewModelTests.swift */ = {isa = PBXFileReference; lastKnownFileType = sourcecode.swift; path = WeekWeatherDayViewModelTests.swift; sourceTree = "<group>"; };
		3B8370C4222CC8D4005B719A /* LocationsViewController.swift */ = {isa = PBXFileReference; lastKnownFileType = sourcecode.swift; path = LocationsViewController.swift; sourceTree = "<group>"; };
		3B8370C6222CC908005B719A /* LocationsViewCell.swift */ = {isa = PBXFileReference; lastKnownFileType = sourcecode.swift; path = LocationsViewCell.swift; sourceTree = "<group>"; };
		3B8370CA222CC9E8005B719A /* LocationViewModel.swift */ = {isa = PBXFileReference; lastKnownFileType = sourcecode.swift; path = LocationViewModel.swift; sourceTree = "<group>"; };
		3B8370CC222CCC2A005B719A /* LocationRepresentable.swift */ = {isa = PBXFileReference; lastKnownFileType = sourcecode.swift; path = LocationRepresentable.swift; sourceTree = "<group>"; };
		3B8370CE222CCCE3005B719A /* CLLocation.swift */ = {isa = PBXFileReference; lastKnownFileType = sourcecode.swift; path = CLLocation.swift; sourceTree = "<group>"; };
		3B8370D2222D0508005B719A /* AddLocationViewController.swift */ = {isa = PBXFileReference; lastKnownFileType = sourcecode.swift; path = AddLocationViewController.swift; sourceTree = "<group>"; };
		3B8370D4222D1F78005B719A /* AddLocationViewModel.swift */ = {isa = PBXFileReference; lastKnownFileType = sourcecode.swift; path = AddLocationViewModel.swift; sourceTree = "<group>"; };
		3B8370D6222D303E005B719A /* CurrentLocationViewModel.swift */ = {isa = PBXFileReference; lastKnownFileType = sourcecode.swift; path = CurrentLocationViewModel.swift; sourceTree = "<group>"; };
		3B8370D8222D3C1E005B719A /* .gitignore */ = {isa = PBXFileReference; lastKnownFileType = text; path = .gitignore; sourceTree = "<group>"; };
		5B689383E52F7A75217E1359 /* Pods_SkyAppTests.framework */ = {isa = PBXFileReference; explicitFileType = wrapper.framework; includeInIndex = 0; path = Pods_SkyAppTests.framework; sourceTree = BUILT_PRODUCTS_DIR; };
		62032535632373A790FA1F36 /* Pods-SkyApp.debug.xcconfig */ = {isa = PBXFileReference; includeInIndex = 1; lastKnownFileType = text.xcconfig; name = "Pods-SkyApp.debug.xcconfig"; path = "Target Support Files/Pods-SkyApp/Pods-SkyApp.debug.xcconfig"; sourceTree = "<group>"; };
		69EEDD50819BADB4F01F4301 /* Pods-SkyAppTests.release.xcconfig */ = {isa = PBXFileReference; includeInIndex = 1; lastKnownFileType = text.xcconfig; name = "Pods-SkyAppTests.release.xcconfig"; path = "Target Support Files/Pods-SkyAppTests/Pods-SkyAppTests.release.xcconfig"; sourceTree = "<group>"; };
		69FC6E071A923CC6F854AEB8 /* Pods_SkyAppUITests.framework */ = {isa = PBXFileReference; explicitFileType = wrapper.framework; includeInIndex = 0; path = Pods_SkyAppUITests.framework; sourceTree = BUILT_PRODUCTS_DIR; };
		711E30DB22238BA9004264BB /* ForecastData.swift */ = {isa = PBXFileReference; lastKnownFileType = sourcecode.swift; path = ForecastData.swift; sourceTree = "<group>"; };
		711E30DD22239533004264BB /* WeekWeatherViewModel.swift */ = {isa = PBXFileReference; lastKnownFileType = sourcecode.swift; path = WeekWeatherViewModel.swift; sourceTree = "<group>"; };
		711E30DF2223C266004264BB /* UserDefaults.swift */ = {isa = PBXFileReference; lastKnownFileType = sourcecode.swift; path = UserDefaults.swift; sourceTree = "<group>"; };
		711E30E12223DE54004264BB /* SettingsTableViewCell.swift */ = {isa = PBXFileReference; lastKnownFileType = sourcecode.swift; path = SettingsTableViewCell.swift; sourceTree = "<group>"; };
		711E30E52223E044004264BB /* SettingsTableViewController.swift */ = {isa = PBXFileReference; lastKnownFileType = sourcecode.swift; path = SettingsTableViewController.swift; sourceTree = "<group>"; };
		711E30E82224D7BA004264BB /* SettingsDateViewModel.swift */ = {isa = PBXFileReference; lastKnownFileType = sourcecode.swift; path = SettingsDateViewModel.swift; sourceTree = "<group>"; };
		711E30EA2224D933004264BB /* SettingsTemperatureViewModel.swift */ = {isa = PBXFileReference; lastKnownFileType = sourcecode.swift; path = SettingsTemperatureViewModel.swift; sourceTree = "<group>"; };
		711E30ED2224EA25004264BB /* SettingsContent.swift */ = {isa = PBXFileReference; lastKnownFileType = sourcecode.swift; path = SettingsContent.swift; sourceTree = "<group>"; };
		711E30EF222516B1004264BB /* WeekWeatherDayViewModel.swift */ = {isa = PBXFileReference; lastKnownFileType = sourcecode.swift; path = WeekWeatherDayViewModel.swift; sourceTree = "<group>"; };
		711E30F2222524CB004264BB /* WeekWeatherDayRepresentable.swift */ = {isa = PBXFileReference; lastKnownFileType = sourcecode.swift; path = WeekWeatherDayRepresentable.swift; sourceTree = "<group>"; };
		71CCE68A221AE94600204142 /* SkyApp.app */ = {isa = PBXFileReference; explicitFileType = wrapper.application; includeInIndex = 0; path = SkyApp.app; sourceTree = BUILT_PRODUCTS_DIR; };
		71CCE68D221AE94600204142 /* AppDelegate.swift */ = {isa = PBXFileReference; lastKnownFileType = sourcecode.swift; path = AppDelegate.swift; sourceTree = "<group>"; };
		71CCE68F221AE94600204142 /* RootViewController.swift */ = {isa = PBXFileReference; lastKnownFileType = sourcecode.swift; path = RootViewController.swift; sourceTree = "<group>"; };
		71CCE692221AE94600204142 /* Base */ = {isa = PBXFileReference; lastKnownFileType = file.storyboard; name = Base; path = Base.lproj/Main.storyboard; sourceTree = "<group>"; };
		71CCE694221AE94700204142 /* Assets.xcassets */ = {isa = PBXFileReference; lastKnownFileType = folder.assetcatalog; path = Assets.xcassets; sourceTree = "<group>"; };
		71CCE697221AE94700204142 /* Base */ = {isa = PBXFileReference; lastKnownFileType = file.storyboard; name = Base; path = Base.lproj/LaunchScreen.storyboard; sourceTree = "<group>"; };
		71CCE699221AE94700204142 /* Info.plist */ = {isa = PBXFileReference; lastKnownFileType = text.plist.xml; path = Info.plist; sourceTree = "<group>"; };
		71CCE69E221AE94800204142 /* SkyAppTests.xctest */ = {isa = PBXFileReference; explicitFileType = wrapper.cfbundle; includeInIndex = 0; path = SkyAppTests.xctest; sourceTree = BUILT_PRODUCTS_DIR; };
		71CCE6A4221AE94800204142 /* Info.plist */ = {isa = PBXFileReference; lastKnownFileType = text.plist.xml; path = Info.plist; sourceTree = "<group>"; };
		71CCE6A9221AE94800204142 /* SkyAppUITests.xctest */ = {isa = PBXFileReference; explicitFileType = wrapper.cfbundle; includeInIndex = 0; path = SkyAppUITests.xctest; sourceTree = BUILT_PRODUCTS_DIR; };
		71CCE6AF221AE94800204142 /* Info.plist */ = {isa = PBXFileReference; lastKnownFileType = text.plist.xml; path = Info.plist; sourceTree = "<group>"; };
		71CCE6C0221BD2A600204142 /* Default-568h@2x.png */ = {isa = PBXFileReference; lastKnownFileType = image.png; path = "Default-568h@2x.png"; sourceTree = "<group>"; };
		71CCE6C3221BE5CC00204142 /* Configuration.swift */ = {isa = PBXFileReference; lastKnownFileType = sourcecode.swift; path = Configuration.swift; sourceTree = "<group>"; };
		71CCE6C6221BE8DB00204142 /* Location.swift */ = {isa = PBXFileReference; lastKnownFileType = sourcecode.swift; path = Location.swift; sourceTree = "<group>"; };
		71CCE6C8221BEE5B00204142 /* WeatherData.swift */ = {isa = PBXFileReference; lastKnownFileType = sourcecode.swift; path = WeatherData.swift; sourceTree = "<group>"; };
		71CCE6CB221BEFC200204142 /* WeatherDataManager.swift */ = {isa = PBXFileReference; lastKnownFileType = sourcecode.swift; path = WeatherDataManager.swift; sourceTree = "<group>"; };
		71CCE6CD221BF65A00204142 /* WeatherDataManagerTest.swift */ = {isa = PBXFileReference; lastKnownFileType = sourcecode.swift; path = WeatherDataManagerTest.swift; sourceTree = "<group>"; };
		71CCE6D0221C015A00204142 /* URLSessionProtocol.swift */ = {isa = PBXFileReference; lastKnownFileType = sourcecode.swift; path = URLSessionProtocol.swift; sourceTree = "<group>"; };
		71CCE6D3221C02D500204142 /* URLSession.swift */ = {isa = PBXFileReference; lastKnownFileType = sourcecode.swift; path = URLSession.swift; sourceTree = "<group>"; };
		71CCE6D5221C03C100204142 /* URLSessionDataTaskProtocol.swift */ = {isa = PBXFileReference; lastKnownFileType = sourcecode.swift; path = URLSessionDataTaskProtocol.swift; sourceTree = "<group>"; };
		71CCE6D7221C03EE00204142 /* URLSessionDataTask.swift */ = {isa = PBXFileReference; lastKnownFileType = sourcecode.swift; path = URLSessionDataTask.swift; sourceTree = "<group>"; };
		71CCE6D9221C043800204142 /* MockURLSession.swift */ = {isa = PBXFileReference; lastKnownFileType = sourcecode.swift; path = MockURLSession.swift; sourceTree = "<group>"; };
		71CCE6DB221C07E000204142 /* MockURLSessionDataTask.swift */ = {isa = PBXFileReference; lastKnownFileType = sourcecode.swift; path = MockURLSessionDataTask.swift; sourceTree = "<group>"; };
		71CCE6DE221D3C5500204142 /* WeatherViewController.swift */ = {isa = PBXFileReference; lastKnownFileType = sourcecode.swift; path = WeatherViewController.swift; sourceTree = "<group>"; };
		71CCE6E0221D3FE500204142 /* CurrentWeatherController.swift */ = {isa = PBXFileReference; lastKnownFileType = sourcecode.swift; path = CurrentWeatherController.swift; sourceTree = "<group>"; };
		71CCE6E2221D420000204142 /* Double.swift */ = {isa = PBXFileReference; lastKnownFileType = sourcecode.swift; path = Double.swift; sourceTree = "<group>"; };
		71CCE6E6221E433F00204142 /* CurrentWeatherViewModel.swift */ = {isa = PBXFileReference; lastKnownFileType = sourcecode.swift; path = CurrentWeatherViewModel.swift; sourceTree = "<group>"; };
		71CCE6E8221E454800204142 /* UIImage.swift */ = {isa = PBXFileReference; lastKnownFileType = sourcecode.swift; path = UIImage.swift; sourceTree = "<group>"; };
		71CCE6EA221E840800204142 /* CurrentWeatherUITests.swift */ = {isa = PBXFileReference; lastKnownFileType = sourcecode.swift; path = CurrentWeatherUITests.swift; sourceTree = "<group>"; };
		71CCE6EC221FF3DF00204142 /* WeekWeatherViewController.swift */ = {isa = PBXFileReference; lastKnownFileType = sourcecode.swift; path = WeekWeatherViewController.swift; sourceTree = "<group>"; };
		71CCE6EF221FF50A00204142 /* WeekWeatherTableViewCell.swift */ = {isa = PBXFileReference; lastKnownFileType = sourcecode.swift; path = WeekWeatherTableViewCell.swift; sourceTree = "<group>"; };
		71FBBCC40E3EC53B40F790C8 /* Pods-SkyAppUITests.debug.xcconfig */ = {isa = PBXFileReference; includeInIndex = 1; lastKnownFileType = text.xcconfig; name = "Pods-SkyAppUITests.debug.xcconfig"; path = "Target Support Files/Pods-SkyAppUITests/Pods-SkyAppUITests.debug.xcconfig"; sourceTree = "<group>"; };
		D8EF808C02F7BFE26674231D /* Pods_SkyApp.framework */ = {isa = PBXFileReference; explicitFileType = wrapper.framework; includeInIndex = 0; path = Pods_SkyApp.framework; sourceTree = BUILT_PRODUCTS_DIR; };
		FBD60C2AF15269CDB884D174 /* Pods-SkyApp.release.xcconfig */ = {isa = PBXFileReference; includeInIndex = 1; lastKnownFileType = text.xcconfig; name = "Pods-SkyApp.release.xcconfig"; path = "Target Support Files/Pods-SkyApp/Pods-SkyApp.release.xcconfig"; sourceTree = "<group>"; };
/* End PBXFileReference section */

/* Begin PBXFrameworksBuildPhase section */
		71CCE687221AE94600204142 /* Frameworks */ = {
			isa = PBXFrameworksBuildPhase;
			buildActionMask = 2147483647;
			files = (
				D0E8B1E70A8727372587998B /* Pods_SkyApp.framework in Frameworks */,
			);
			runOnlyForDeploymentPostprocessing = 0;
		};
		71CCE69B221AE94700204142 /* Frameworks */ = {
			isa = PBXFrameworksBuildPhase;
			buildActionMask = 2147483647;
			files = (
				1B668DA9565FF79475B2335D /* Pods_SkyAppTests.framework in Frameworks */,
			);
			runOnlyForDeploymentPostprocessing = 0;
		};
		71CCE6A6221AE94800204142 /* Frameworks */ = {
			isa = PBXFrameworksBuildPhase;
			buildActionMask = 2147483647;
			files = (
				B57842699D1223EC5A1FFE74 /* Pods_SkyAppUITests.framework in Frameworks */,
			);
			runOnlyForDeploymentPostprocessing = 0;
		};
/* End PBXFrameworksBuildPhase section */

/* Begin PBXGroup section */
		3B8370B02227E1D1005B719A /* SupportFiles */ = {
			isa = PBXGroup;
			children = (
				71CCE6A4221AE94800204142 /* Info.plist */,
			);
			path = SupportFiles;
			sourceTree = "<group>";
		};
		3B8370B12227E1F2005B719A /* TestCases */ = {
			isa = PBXGroup;
			children = (
				71CCE6CD221BF65A00204142 /* WeatherDataManagerTest.swift */,
				3B8370B32227E296005B719A /* SettingsDateViewModelTests.swift */,
				3B8370B52227E6EC005B719A /* SettingsTemperatureViewModelTests.swift */,
				3B8370BC2227EDA3005B719A /* CurrentWeatherViewModelTests.swift */,
				3B8370BE2228DEDF005B719A /* WeekWeatherViewModelTests.swift */,
				3B8370C02228E065005B719A /* WeekWeatherDayViewModelTests.swift */,
			);
			path = TestCases;
			sourceTree = "<group>";
		};
		3B8370B22227E1FF005B719A /* Stubs */ = {
			isa = PBXGroup;
			children = (
				71CCE6D9221C043800204142 /* MockURLSession.swift */,
				71CCE6DB221C07E000204142 /* MockURLSessionDataTask.swift */,
				3B8370B72227EBE5005B719A /* DarkSky.json */,
			);
			path = Stubs;
			sourceTree = "<group>";
		};
		3B8370B92227EC0A005B719A /* Extensions */ = {
			isa = PBXGroup;
			children = (
				3B8370BA2227EC30005B719A /* XCTestCase.swift */,
			);
			path = Extensions;
			sourceTree = "<group>";
		};
		3B8370C2222CC8A7005B719A /* LocationsVcs */ = {
			isa = PBXGroup;
			children = (
				3B8370C4222CC8D4005B719A /* LocationsViewController.swift */,
				3B8370D2222D0508005B719A /* AddLocationViewController.swift */,
				3B8370C9222CC9D5005B719A /* ViewModels */,
				3B8370C8222CC9C4005B719A /* Protocols */,
				3B8370C3222CC8B3005B719A /* TableViewCells */,
			);
			path = LocationsVcs;
			sourceTree = "<group>";
		};
		3B8370C3222CC8B3005B719A /* TableViewCells */ = {
			isa = PBXGroup;
			children = (
				3B8370C6222CC908005B719A /* LocationsViewCell.swift */,
			);
			path = TableViewCells;
			sourceTree = "<group>";
		};
		3B8370C8222CC9C4005B719A /* Protocols */ = {
			isa = PBXGroup;
			children = (
				3B8370CC222CCC2A005B719A /* LocationRepresentable.swift */,
			);
			path = Protocols;
			sourceTree = "<group>";
		};
		3B8370C9222CC9D5005B719A /* ViewModels */ = {
			isa = PBXGroup;
			children = (
				3B8370CA222CC9E8005B719A /* LocationViewModel.swift */,
				3B8370D4222D1F78005B719A /* AddLocationViewModel.swift */,
			);
			path = ViewModels;
			sourceTree = "<group>";
		};
		50D22C7721EFDD9761DA1F74 /* Pods */ = {
			isa = PBXGroup;
			children = (
				62032535632373A790FA1F36 /* Pods-SkyApp.debug.xcconfig */,
				FBD60C2AF15269CDB884D174 /* Pods-SkyApp.release.xcconfig */,
				01F7B07E7357963F0025BD79 /* Pods-SkyAppTests.debug.xcconfig */,
				69EEDD50819BADB4F01F4301 /* Pods-SkyAppTests.release.xcconfig */,
				71FBBCC40E3EC53B40F790C8 /* Pods-SkyAppUITests.debug.xcconfig */,
				0140E990AD2D1F9AE8DFC2B6 /* Pods-SkyAppUITests.release.xcconfig */,
			);
			path = Pods;
			sourceTree = "<group>";
		};
		572B7B99D6FAE150CD6AB3A2 /* Frameworks */ = {
			isa = PBXGroup;
			children = (
				D8EF808C02F7BFE26674231D /* Pods_SkyApp.framework */,
				5B689383E52F7A75217E1359 /* Pods_SkyAppTests.framework */,
				69FC6E071A923CC6F854AEB8 /* Pods_SkyAppUITests.framework */,
			);
			name = Frameworks;
			sourceTree = "<group>";
		};
		711E30E32223E006004264BB /* SettingVcs */ = {
			isa = PBXGroup;
			children = (
				711E30EC2224EA08004264BB /* Protocols */,
				711E30E72224D79A004264BB /* ViewModels */,
				711E30E42223E021004264BB /* TableViewCells */,
				711E30E52223E044004264BB /* SettingsTableViewController.swift */,
			);
			path = SettingVcs;
			sourceTree = "<group>";
		};
		711E30E42223E021004264BB /* TableViewCells */ = {
			isa = PBXGroup;
			children = (
				711E30E12223DE54004264BB /* SettingsTableViewCell.swift */,
			);
			path = TableViewCells;
			sourceTree = "<group>";
		};
		711E30E72224D79A004264BB /* ViewModels */ = {
			isa = PBXGroup;
			children = (
				711E30E82224D7BA004264BB /* SettingsDateViewModel.swift */,
				711E30EA2224D933004264BB /* SettingsTemperatureViewModel.swift */,
			);
			path = ViewModels;
			sourceTree = "<group>";
		};
		711E30EC2224EA08004264BB /* Protocols */ = {
			isa = PBXGroup;
			children = (
				711E30ED2224EA25004264BB /* SettingsContent.swift */,
			);
			path = Protocols;
			sourceTree = "<group>";
		};
		711E30F12225218D004264BB /* Protocols */ = {
			isa = PBXGroup;
			children = (
				711E30F2222524CB004264BB /* WeekWeatherDayRepresentable.swift */,
			);
			path = Protocols;
			sourceTree = "<group>";
		};
		71CCE681221AE94600204142 = {
			isa = PBXGroup;
			children = (
				71CCE6C0221BD2A600204142 /* Default-568h@2x.png */,
				3B8370D8222D3C1E005B719A /* .gitignore */,
				71CCE68C221AE94600204142 /* SkyApp */,
				71CCE6A1221AE94800204142 /* SkyAppTests */,
				71CCE6AC221AE94800204142 /* SkyAppUITests */,
				71CCE68B221AE94600204142 /* Products */,
				50D22C7721EFDD9761DA1F74 /* Pods */,
				572B7B99D6FAE150CD6AB3A2 /* Frameworks */,
			);
			sourceTree = "<group>";
		};
		71CCE68B221AE94600204142 /* Products */ = {
			isa = PBXGroup;
			children = (
				71CCE68A221AE94600204142 /* SkyApp.app */,
				71CCE69E221AE94800204142 /* SkyAppTests.xctest */,
				71CCE6A9221AE94800204142 /* SkyAppUITests.xctest */,
			);
			name = Products;
			sourceTree = "<group>";
		};
		71CCE68C221AE94600204142 /* SkyApp */ = {
			isa = PBXGroup;
			children = (
				71CCE6D2221C02C000204142 /* Extensions */,
				71CCE6CF221C014500204142 /* Protocols */,
				71CCE6CA221BEFB100204142 /* Manager */,
				71CCE6C5221BE8C900204142 /* Models */,
				71CCE6C2221BE46500204142 /* Configuration */,
				71CCE6BB221BD1D400204142 /* Delegates */,
				71CCE6BF221BD22C00204142 /* ViewControllers */,
				71CCE6BE221BD21E00204142 /* SupportFiles */,
				71CCE6BD221BD1FC00204142 /* Storyboards */,
				71CCE6BC221BD1E700204142 /* Resources */,
			);
			path = SkyApp;
			sourceTree = "<group>";
		};
		71CCE6A1221AE94800204142 /* SkyAppTests */ = {
			isa = PBXGroup;
			children = (
				3B8370B92227EC0A005B719A /* Extensions */,
				3B8370B02227E1D1005B719A /* SupportFiles */,
				3B8370B12227E1F2005B719A /* TestCases */,
				3B8370B22227E1FF005B719A /* Stubs */,
			);
			path = SkyAppTests;
			sourceTree = "<group>";
		};
		71CCE6AC221AE94800204142 /* SkyAppUITests */ = {
			isa = PBXGroup;
			children = (
				71CCE6AF221AE94800204142 /* Info.plist */,
				71CCE6EA221E840800204142 /* CurrentWeatherUITests.swift */,
			);
			path = SkyAppUITests;
			sourceTree = "<group>";
		};
		71CCE6BB221BD1D400204142 /* Delegates */ = {
			isa = PBXGroup;
			children = (
				71CCE68D221AE94600204142 /* AppDelegate.swift */,
			);
			path = Delegates;
			sourceTree = "<group>";
		};
		71CCE6BC221BD1E700204142 /* Resources */ = {
			isa = PBXGroup;
			children = (
				71CCE694221AE94700204142 /* Assets.xcassets */,
			);
			path = Resources;
			sourceTree = "<group>";
		};
		71CCE6BD221BD1FC00204142 /* Storyboards */ = {
			isa = PBXGroup;
			children = (
				71CCE691221AE94600204142 /* Main.storyboard */,
				71CCE696221AE94700204142 /* LaunchScreen.storyboard */,
			);
			path = Storyboards;
			sourceTree = "<group>";
		};
		71CCE6BE221BD21E00204142 /* SupportFiles */ = {
			isa = PBXGroup;
			children = (
				71CCE699221AE94700204142 /* Info.plist */,
			);
			path = SupportFiles;
			sourceTree = "<group>";
		};
		71CCE6BF221BD22C00204142 /* ViewControllers */ = {
			isa = PBXGroup;
			children = (
				3B8370C2222CC8A7005B719A /* LocationsVcs */,
				71CCE6E4221D485900204142 /* RootVcs */,
				71CCE6DD221D3C1D00204142 /* WeatherVcs */,
				711E30E32223E006004264BB /* SettingVcs */,
			);
			path = ViewControllers;
			sourceTree = "<group>";
		};
		71CCE6C2221BE46500204142 /* Configuration */ = {
			isa = PBXGroup;
			children = (
				71CCE6C3221BE5CC00204142 /* Configuration.swift */,
			);
			path = Configuration;
			sourceTree = "<group>";
		};
		71CCE6C5221BE8C900204142 /* Models */ = {
			isa = PBXGroup;
			children = (
				71CCE6C6221BE8DB00204142 /* Location.swift */,
				71CCE6C8221BEE5B00204142 /* WeatherData.swift */,
				711E30DB22238BA9004264BB /* ForecastData.swift */,
			);
			path = Models;
			sourceTree = "<group>";
		};
		71CCE6CA221BEFB100204142 /* Manager */ = {
			isa = PBXGroup;
			children = (
				71CCE6CB221BEFC200204142 /* WeatherDataManager.swift */,
			);
			path = Manager;
			sourceTree = "<group>";
		};
		71CCE6CF221C014500204142 /* Protocols */ = {
			isa = PBXGroup;
			children = (
				71CCE6D0221C015A00204142 /* URLSessionProtocol.swift */,
				71CCE6D5221C03C100204142 /* URLSessionDataTaskProtocol.swift */,
			);
			path = Protocols;
			sourceTree = "<group>";
		};
		71CCE6D2221C02C000204142 /* Extensions */ = {
			isa = PBXGroup;
			children = (
				71CCE6D3221C02D500204142 /* URLSession.swift */,
				71CCE6D7221C03EE00204142 /* URLSessionDataTask.swift */,
				71CCE6E2221D420000204142 /* Double.swift */,
				71CCE6E8221E454800204142 /* UIImage.swift */,
				711E30DF2223C266004264BB /* UserDefaults.swift */,
				3B8370CE222CCCE3005B719A /* CLLocation.swift */,
				3B7EE58422324C7F00CD9639 /* CLLocationManager+Rx.swift */,
				3B7EE58622326B3800CD9639 /* Date.swift */,
			);
			path = Extensions;
			sourceTree = "<group>";
		};
		71CCE6DD221D3C1D00204142 /* WeatherVcs */ = {
			isa = PBXGroup;
			children = (
				711E30F12225218D004264BB /* Protocols */,
				71CCE6EE221FF4E100204142 /* TableViewCells */,
				71CCE6E5221E431200204142 /* ViewModels */,
				71CCE6DE221D3C5500204142 /* WeatherViewController.swift */,
				71CCE6E0221D3FE500204142 /* CurrentWeatherController.swift */,
				71CCE6EC221FF3DF00204142 /* WeekWeatherViewController.swift */,
			);
			path = WeatherVcs;
			sourceTree = "<group>";
		};
		71CCE6E4221D485900204142 /* RootVcs */ = {
			isa = PBXGroup;
			children = (
				71CCE68F221AE94600204142 /* RootViewController.swift */,
			);
			path = RootVcs;
			sourceTree = "<group>";
		};
		71CCE6E5221E431200204142 /* ViewModels */ = {
			isa = PBXGroup;
			children = (
				71CCE6E6221E433F00204142 /* CurrentWeatherViewModel.swift */,
				3B8370D6222D303E005B719A /* CurrentLocationViewModel.swift */,
				711E30DD22239533004264BB /* WeekWeatherViewModel.swift */,
				711E30EF222516B1004264BB /* WeekWeatherDayViewModel.swift */,
			);
			path = ViewModels;
			sourceTree = "<group>";
		};
		71CCE6EE221FF4E100204142 /* TableViewCells */ = {
			isa = PBXGroup;
			children = (
				71CCE6EF221FF50A00204142 /* WeekWeatherTableViewCell.swift */,
			);
			path = TableViewCells;
			sourceTree = "<group>";
		};
/* End PBXGroup section */

/* Begin PBXNativeTarget section */
		71CCE689221AE94600204142 /* SkyApp */ = {
			isa = PBXNativeTarget;
			buildConfigurationList = 71CCE6B2221AE94800204142 /* Build configuration list for PBXNativeTarget "SkyApp" */;
			buildPhases = (
				971EC31E5BA49536F3C0A3C4 /* [CP] Check Pods Manifest.lock */,
				71CCE686221AE94600204142 /* Sources */,
				71CCE687221AE94600204142 /* Frameworks */,
				71CCE688221AE94600204142 /* Resources */,
				57505BD5D59821BFFF6DAE4E /* [CP] Embed Pods Frameworks */,
			);
			buildRules = (
			);
			dependencies = (
			);
			name = SkyApp;
			productName = SkyApp;
			productReference = 71CCE68A221AE94600204142 /* SkyApp.app */;
			productType = "com.apple.product-type.application";
		};
		71CCE69D221AE94700204142 /* SkyAppTests */ = {
			isa = PBXNativeTarget;
			buildConfigurationList = 71CCE6B5221AE94800204142 /* Build configuration list for PBXNativeTarget "SkyAppTests" */;
			buildPhases = (
				84E81D4473B7F16706AD5F1F /* [CP] Check Pods Manifest.lock */,
				71CCE69A221AE94700204142 /* Sources */,
				71CCE69B221AE94700204142 /* Frameworks */,
				71CCE69C221AE94700204142 /* Resources */,
			);
			buildRules = (
			);
			dependencies = (
				71CCE6A0221AE94800204142 /* PBXTargetDependency */,
			);
			name = SkyAppTests;
			productName = SkyAppTests;
			productReference = 71CCE69E221AE94800204142 /* SkyAppTests.xctest */;
			productType = "com.apple.product-type.bundle.unit-test";
		};
		71CCE6A8221AE94800204142 /* SkyAppUITests */ = {
			isa = PBXNativeTarget;
			buildConfigurationList = 71CCE6B8221AE94800204142 /* Build configuration list for PBXNativeTarget "SkyAppUITests" */;
			buildPhases = (
				CB2CDE8C04FBB28A9A03DB2B /* [CP] Check Pods Manifest.lock */,
				71CCE6A5221AE94800204142 /* Sources */,
				71CCE6A6221AE94800204142 /* Frameworks */,
				71CCE6A7221AE94800204142 /* Resources */,
			);
			buildRules = (
			);
			dependencies = (
				71CCE6AB221AE94800204142 /* PBXTargetDependency */,
			);
			name = SkyAppUITests;
			productName = SkyAppUITests;
			productReference = 71CCE6A9221AE94800204142 /* SkyAppUITests.xctest */;
			productType = "com.apple.product-type.bundle.ui-testing";
		};
/* End PBXNativeTarget section */

/* Begin PBXProject section */
		71CCE682221AE94600204142 /* Project object */ = {
			isa = PBXProject;
			attributes = {
				LastSwiftUpdateCheck = 1010;
				LastUpgradeCheck = 1010;
				ORGANIZATIONNAME = SwifterTT;
				TargetAttributes = {
					71CCE689221AE94600204142 = {
						CreatedOnToolsVersion = 10.1;
					};
					71CCE69D221AE94700204142 = {
						CreatedOnToolsVersion = 10.1;
						LastSwiftMigration = 1010;
						TestTargetID = 71CCE689221AE94600204142;
					};
					71CCE6A8221AE94800204142 = {
						CreatedOnToolsVersion = 10.1;
						LastSwiftMigration = 1010;
						TestTargetID = 71CCE689221AE94600204142;
					};
				};
			};
			buildConfigurationList = 71CCE685221AE94600204142 /* Build configuration list for PBXProject "SkyApp" */;
			compatibilityVersion = "Xcode 9.3";
			developmentRegion = en;
			hasScannedForEncodings = 0;
			knownRegions = (
				en,
				Base,
			);
			mainGroup = 71CCE681221AE94600204142;
			productRefGroup = 71CCE68B221AE94600204142 /* Products */;
			projectDirPath = "";
			projectRoot = "";
			targets = (
				71CCE689221AE94600204142 /* SkyApp */,
				71CCE69D221AE94700204142 /* SkyAppTests */,
				71CCE6A8221AE94800204142 /* SkyAppUITests */,
			);
		};
/* End PBXProject section */

/* Begin PBXResourcesBuildPhase section */
		71CCE688221AE94600204142 /* Resources */ = {
			isa = PBXResourcesBuildPhase;
			buildActionMask = 2147483647;
			files = (
				3B8370D9222D3C1E005B719A /* .gitignore in Resources */,
				71CCE698221AE94700204142 /* LaunchScreen.storyboard in Resources */,
				71CCE6C1221BD2A600204142 /* Default-568h@2x.png in Resources */,
				71CCE695221AE94700204142 /* Assets.xcassets in Resources */,
				71CCE693221AE94600204142 /* Main.storyboard in Resources */,
			);
			runOnlyForDeploymentPostprocessing = 0;
		};
		71CCE69C221AE94700204142 /* Resources */ = {
			isa = PBXResourcesBuildPhase;
			buildActionMask = 2147483647;
			files = (
				3B8370B82227EBE5005B719A /* DarkSky.json in Resources */,
			);
			runOnlyForDeploymentPostprocessing = 0;
		};
		71CCE6A7221AE94800204142 /* Resources */ = {
			isa = PBXResourcesBuildPhase;
			buildActionMask = 2147483647;
			files = (
			);
			runOnlyForDeploymentPostprocessing = 0;
		};
/* End PBXResourcesBuildPhase section */

/* Begin PBXShellScriptBuildPhase section */
		57505BD5D59821BFFF6DAE4E /* [CP] Embed Pods Frameworks */ = {
			isa = PBXShellScriptBuildPhase;
			buildActionMask = 2147483647;
			files = (
			);
			inputFileListPaths = (
			);
			inputPaths = (
				"${PODS_ROOT}/Target Support Files/Pods-SkyApp/Pods-SkyApp-frameworks.sh",
				"${BUILT_PRODUCTS_DIR}/RxAtomic/RxAtomic.framework",
				"${BUILT_PRODUCTS_DIR}/RxCocoa/RxCocoa.framework",
				"${BUILT_PRODUCTS_DIR}/RxSwift/RxSwift.framework",
			);
			name = "[CP] Embed Pods Frameworks";
			outputFileListPaths = (
			);
			outputPaths = (
				"${TARGET_BUILD_DIR}/${FRAMEWORKS_FOLDER_PATH}/RxAtomic.framework",
				"${TARGET_BUILD_DIR}/${FRAMEWORKS_FOLDER_PATH}/RxCocoa.framework",
				"${TARGET_BUILD_DIR}/${FRAMEWORKS_FOLDER_PATH}/RxSwift.framework",
			);
			runOnlyForDeploymentPostprocessing = 0;
			shellPath = /bin/sh;
			shellScript = "\"${PODS_ROOT}/Target Support Files/Pods-SkyApp/Pods-SkyApp-frameworks.sh\"\n";
			showEnvVarsInLog = 0;
		};
		84E81D4473B7F16706AD5F1F /* [CP] Check Pods Manifest.lock */ = {
			isa = PBXShellScriptBuildPhase;
			buildActionMask = 2147483647;
			files = (
			);
			inputFileListPaths = (
			);
			inputPaths = (
				"${PODS_PODFILE_DIR_PATH}/Podfile.lock",
				"${PODS_ROOT}/Manifest.lock",
			);
			name = "[CP] Check Pods Manifest.lock";
			outputFileListPaths = (
			);
			outputPaths = (
				"$(DERIVED_FILE_DIR)/Pods-SkyAppTests-checkManifestLockResult.txt",
			);
			runOnlyForDeploymentPostprocessing = 0;
			shellPath = /bin/sh;
			shellScript = "diff \"${PODS_PODFILE_DIR_PATH}/Podfile.lock\" \"${PODS_ROOT}/Manifest.lock\" > /dev/null\nif [ $? != 0 ] ; then\n    # print error to STDERR\n    echo \"error: The sandbox is not in sync with the Podfile.lock. Run 'pod install' or update your CocoaPods installation.\" >&2\n    exit 1\nfi\n# This output is used by Xcode 'outputs' to avoid re-running this script phase.\necho \"SUCCESS\" > \"${SCRIPT_OUTPUT_FILE_0}\"\n";
			showEnvVarsInLog = 0;
		};
		971EC31E5BA49536F3C0A3C4 /* [CP] Check Pods Manifest.lock */ = {
			isa = PBXShellScriptBuildPhase;
			buildActionMask = 2147483647;
			files = (
			);
			inputFileListPaths = (
			);
			inputPaths = (
				"${PODS_PODFILE_DIR_PATH}/Podfile.lock",
				"${PODS_ROOT}/Manifest.lock",
			);
			name = "[CP] Check Pods Manifest.lock";
			outputFileListPaths = (
			);
			outputPaths = (
				"$(DERIVED_FILE_DIR)/Pods-SkyApp-checkManifestLockResult.txt",
			);
			runOnlyForDeploymentPostprocessing = 0;
			shellPath = /bin/sh;
			shellScript = "diff \"${PODS_PODFILE_DIR_PATH}/Podfile.lock\" \"${PODS_ROOT}/Manifest.lock\" > /dev/null\nif [ $? != 0 ] ; then\n    # print error to STDERR\n    echo \"error: The sandbox is not in sync with the Podfile.lock. Run 'pod install' or update your CocoaPods installation.\" >&2\n    exit 1\nfi\n# This output is used by Xcode 'outputs' to avoid re-running this script phase.\necho \"SUCCESS\" > \"${SCRIPT_OUTPUT_FILE_0}\"\n";
			showEnvVarsInLog = 0;
		};
		CB2CDE8C04FBB28A9A03DB2B /* [CP] Check Pods Manifest.lock */ = {
			isa = PBXShellScriptBuildPhase;
			buildActionMask = 2147483647;
			files = (
			);
			inputFileListPaths = (
			);
			inputPaths = (
				"${PODS_PODFILE_DIR_PATH}/Podfile.lock",
				"${PODS_ROOT}/Manifest.lock",
			);
			name = "[CP] Check Pods Manifest.lock";
			outputFileListPaths = (
			);
			outputPaths = (
				"$(DERIVED_FILE_DIR)/Pods-SkyAppUITests-checkManifestLockResult.txt",
			);
			runOnlyForDeploymentPostprocessing = 0;
			shellPath = /bin/sh;
			shellScript = "diff \"${PODS_PODFILE_DIR_PATH}/Podfile.lock\" \"${PODS_ROOT}/Manifest.lock\" > /dev/null\nif [ $? != 0 ] ; then\n    # print error to STDERR\n    echo \"error: The sandbox is not in sync with the Podfile.lock. Run 'pod install' or update your CocoaPods installation.\" >&2\n    exit 1\nfi\n# This output is used by Xcode 'outputs' to avoid re-running this script phase.\necho \"SUCCESS\" > \"${SCRIPT_OUTPUT_FILE_0}\"\n";
			showEnvVarsInLog = 0;
		};
/* End PBXShellScriptBuildPhase section */

/* Begin PBXSourcesBuildPhase section */
		71CCE686221AE94600204142 /* Sources */ = {
			isa = PBXSourcesBuildPhase;
			buildActionMask = 2147483647;
			files = (
				71CCE6E1221D3FE500204142 /* CurrentWeatherController.swift in Sources */,
				71CCE6D1221C015A00204142 /* URLSessionProtocol.swift in Sources */,
				71CCE6CC221BEFC200204142 /* WeatherDataManager.swift in Sources */,
				711E30DE22239533004264BB /* WeekWeatherViewModel.swift in Sources */,
				71CCE6D6221C03C100204142 /* URLSessionDataTaskProtocol.swift in Sources */,
				71CCE6E3221D420000204142 /* Double.swift in Sources */,
				71CCE6ED221FF3DF00204142 /* WeekWeatherViewController.swift in Sources */,
				3B8370D5222D1F78005B719A /* AddLocationViewModel.swift in Sources */,
				3B8370C5222CC8D4005B719A /* LocationsViewController.swift in Sources */,
				71CCE6F0221FF50A00204142 /* WeekWeatherTableViewCell.swift in Sources */,
				71CCE6D8221C03EE00204142 /* URLSessionDataTask.swift in Sources */,
				71CCE6E9221E454800204142 /* UIImage.swift in Sources */,
				711E30E92224D7BA004264BB /* SettingsDateViewModel.swift in Sources */,
				71CCE6D4221C02D500204142 /* URLSession.swift in Sources */,
				711E30F0222516B1004264BB /* WeekWeatherDayViewModel.swift in Sources */,
				711E30E22223DE54004264BB /* SettingsTableViewCell.swift in Sources */,
				3B8370CD222CCC2A005B719A /* LocationRepresentable.swift in Sources */,
				3B8370D7222D303E005B719A /* CurrentLocationViewModel.swift in Sources */,
				71CCE6C4221BE5CC00204142 /* Configuration.swift in Sources */,
				71CCE6C9221BEE5B00204142 /* WeatherData.swift in Sources */,
				711E30EE2224EA25004264BB /* SettingsContent.swift in Sources */,
				3B8370CF222CCCE3005B719A /* CLLocation.swift in Sources */,
				711E30E62223E044004264BB /* SettingsTableViewController.swift in Sources */,
				3B8370CB222CC9E8005B719A /* LocationViewModel.swift in Sources */,
				711E30F3222524CB004264BB /* WeekWeatherDayRepresentable.swift in Sources */,
				711E30EB2224D933004264BB /* SettingsTemperatureViewModel.swift in Sources */,
				71CCE690221AE94600204142 /* RootViewController.swift in Sources */,
				71CCE6C7221BE8DB00204142 /* Location.swift in Sources */,
				71CCE68E221AE94600204142 /* AppDelegate.swift in Sources */,
				711E30E02223C266004264BB /* UserDefaults.swift in Sources */,
				71CCE6DF221D3C5500204142 /* WeatherViewController.swift in Sources */,
				3B7EE58722326B3800CD9639 /* Date.swift in Sources */,
				711E30DC22238BA9004264BB /* ForecastData.swift in Sources */,
				3B8370D3222D0508005B719A /* AddLocationViewController.swift in Sources */,
				3B7EE58522324C7F00CD9639 /* CLLocationManager+Rx.swift in Sources */,
				71CCE6E7221E433F00204142 /* CurrentWeatherViewModel.swift in Sources */,
				3B8370C7222CC908005B719A /* LocationsViewCell.swift in Sources */,
			);
			runOnlyForDeploymentPostprocessing = 0;
		};
		71CCE69A221AE94700204142 /* Sources */ = {
			isa = PBXSourcesBuildPhase;
			buildActionMask = 2147483647;
			files = (
				71CCE6DC221C07E000204142 /* MockURLSessionDataTask.swift in Sources */,
				3B8370BD2227EDA3005B719A /* CurrentWeatherViewModelTests.swift in Sources */,
				3B8370C12228E065005B719A /* WeekWeatherDayViewModelTests.swift in Sources */,
				71CCE6DA221C043800204142 /* MockURLSession.swift in Sources */,
				3B8370B42227E296005B719A /* SettingsDateViewModelTests.swift in Sources */,
				3B8370B62227E6EC005B719A /* SettingsTemperatureViewModelTests.swift in Sources */,
				3B8370BF2228DEDF005B719A /* WeekWeatherViewModelTests.swift in Sources */,
				3B8370BB2227EC30005B719A /* XCTestCase.swift in Sources */,
				71CCE6CE221BF65A00204142 /* WeatherDataManagerTest.swift in Sources */,
			);
			runOnlyForDeploymentPostprocessing = 0;
		};
		71CCE6A5221AE94800204142 /* Sources */ = {
			isa = PBXSourcesBuildPhase;
			buildActionMask = 2147483647;
			files = (
				71CCE6EB221E840900204142 /* CurrentWeatherUITests.swift in Sources */,
			);
			runOnlyForDeploymentPostprocessing = 0;
		};
/* End PBXSourcesBuildPhase section */

/* Begin PBXTargetDependency section */
		71CCE6A0221AE94800204142 /* PBXTargetDependency */ = {
			isa = PBXTargetDependency;
			target = 71CCE689221AE94600204142 /* SkyApp */;
			targetProxy = 71CCE69F221AE94800204142 /* PBXContainerItemProxy */;
		};
		71CCE6AB221AE94800204142 /* PBXTargetDependency */ = {
			isa = PBXTargetDependency;
			target = 71CCE689221AE94600204142 /* SkyApp */;
			targetProxy = 71CCE6AA221AE94800204142 /* PBXContainerItemProxy */;
		};
/* End PBXTargetDependency section */

/* Begin PBXVariantGroup section */
		71CCE691221AE94600204142 /* Main.storyboard */ = {
			isa = PBXVariantGroup;
			children = (
				71CCE692221AE94600204142 /* Base */,
			);
			name = Main.storyboard;
			sourceTree = "<group>";
		};
		71CCE696221AE94700204142 /* LaunchScreen.storyboard */ = {
			isa = PBXVariantGroup;
			children = (
				71CCE697221AE94700204142 /* Base */,
			);
			name = LaunchScreen.storyboard;
			sourceTree = "<group>";
		};
/* End PBXVariantGroup section */

/* Begin XCBuildConfiguration section */
		71CCE6B0221AE94800204142 /* Debug */ = {
			isa = XCBuildConfiguration;
			buildSettings = {
				ALWAYS_SEARCH_USER_PATHS = NO;
				CLANG_ANALYZER_NONNULL = YES;
				CLANG_ANALYZER_NUMBER_OBJECT_CONVERSION = YES_AGGRESSIVE;
				CLANG_CXX_LANGUAGE_STANDARD = "gnu++14";
				CLANG_CXX_LIBRARY = "libc++";
				CLANG_ENABLE_MODULES = YES;
				CLANG_ENABLE_OBJC_ARC = YES;
				CLANG_ENABLE_OBJC_WEAK = YES;
				CLANG_WARN_BLOCK_CAPTURE_AUTORELEASING = YES;
				CLANG_WARN_BOOL_CONVERSION = YES;
				CLANG_WARN_COMMA = YES;
				CLANG_WARN_CONSTANT_CONVERSION = YES;
				CLANG_WARN_DEPRECATED_OBJC_IMPLEMENTATIONS = YES;
				CLANG_WARN_DIRECT_OBJC_ISA_USAGE = YES_ERROR;
				CLANG_WARN_DOCUMENTATION_COMMENTS = YES;
				CLANG_WARN_EMPTY_BODY = YES;
				CLANG_WARN_ENUM_CONVERSION = YES;
				CLANG_WARN_INFINITE_RECURSION = YES;
				CLANG_WARN_INT_CONVERSION = YES;
				CLANG_WARN_NON_LITERAL_NULL_CONVERSION = YES;
				CLANG_WARN_OBJC_IMPLICIT_RETAIN_SELF = YES;
				CLANG_WARN_OBJC_LITERAL_CONVERSION = YES;
				CLANG_WARN_OBJC_ROOT_CLASS = YES_ERROR;
				CLANG_WARN_RANGE_LOOP_ANALYSIS = YES;
				CLANG_WARN_STRICT_PROTOTYPES = YES;
				CLANG_WARN_SUSPICIOUS_MOVE = YES;
				CLANG_WARN_UNGUARDED_AVAILABILITY = YES_AGGRESSIVE;
				CLANG_WARN_UNREACHABLE_CODE = YES;
				CLANG_WARN__DUPLICATE_METHOD_MATCH = YES;
				CODE_SIGN_IDENTITY = "iPhone Developer";
				COPY_PHASE_STRIP = NO;
				DEBUG_INFORMATION_FORMAT = dwarf;
				ENABLE_STRICT_OBJC_MSGSEND = YES;
				ENABLE_TESTABILITY = YES;
				GCC_C_LANGUAGE_STANDARD = gnu11;
				GCC_DYNAMIC_NO_PIC = NO;
				GCC_NO_COMMON_BLOCKS = YES;
				GCC_OPTIMIZATION_LEVEL = 0;
				GCC_PREPROCESSOR_DEFINITIONS = (
					"DEBUG=1",
					"$(inherited)",
				);
				GCC_WARN_64_TO_32_BIT_CONVERSION = YES;
				GCC_WARN_ABOUT_RETURN_TYPE = YES_ERROR;
				GCC_WARN_UNDECLARED_SELECTOR = YES;
				GCC_WARN_UNINITIALIZED_AUTOS = YES_AGGRESSIVE;
				GCC_WARN_UNUSED_FUNCTION = YES;
				GCC_WARN_UNUSED_VARIABLE = YES;
				IPHONEOS_DEPLOYMENT_TARGET = 12.1;
				MTL_ENABLE_DEBUG_INFO = INCLUDE_SOURCE;
				MTL_FAST_MATH = YES;
				ONLY_ACTIVE_ARCH = YES;
				SDKROOT = iphoneos;
				SWIFT_ACTIVE_COMPILATION_CONDITIONS = DEBUG;
				SWIFT_OPTIMIZATION_LEVEL = "-Onone";
			};
			name = Debug;
		};
		71CCE6B1221AE94800204142 /* Release */ = {
			isa = XCBuildConfiguration;
			buildSettings = {
				ALWAYS_SEARCH_USER_PATHS = NO;
				CLANG_ANALYZER_NONNULL = YES;
				CLANG_ANALYZER_NUMBER_OBJECT_CONVERSION = YES_AGGRESSIVE;
				CLANG_CXX_LANGUAGE_STANDARD = "gnu++14";
				CLANG_CXX_LIBRARY = "libc++";
				CLANG_ENABLE_MODULES = YES;
				CLANG_ENABLE_OBJC_ARC = YES;
				CLANG_ENABLE_OBJC_WEAK = YES;
				CLANG_WARN_BLOCK_CAPTURE_AUTORELEASING = YES;
				CLANG_WARN_BOOL_CONVERSION = YES;
				CLANG_WARN_COMMA = YES;
				CLANG_WARN_CONSTANT_CONVERSION = YES;
				CLANG_WARN_DEPRECATED_OBJC_IMPLEMENTATIONS = YES;
				CLANG_WARN_DIRECT_OBJC_ISA_USAGE = YES_ERROR;
				CLANG_WARN_DOCUMENTATION_COMMENTS = YES;
				CLANG_WARN_EMPTY_BODY = YES;
				CLANG_WARN_ENUM_CONVERSION = YES;
				CLANG_WARN_INFINITE_RECURSION = YES;
				CLANG_WARN_INT_CONVERSION = YES;
				CLANG_WARN_NON_LITERAL_NULL_CONVERSION = YES;
				CLANG_WARN_OBJC_IMPLICIT_RETAIN_SELF = YES;
				CLANG_WARN_OBJC_LITERAL_CONVERSION = YES;
				CLANG_WARN_OBJC_ROOT_CLASS = YES_ERROR;
				CLANG_WARN_RANGE_LOOP_ANALYSIS = YES;
				CLANG_WARN_STRICT_PROTOTYPES = YES;
				CLANG_WARN_SUSPICIOUS_MOVE = YES;
				CLANG_WARN_UNGUARDED_AVAILABILITY = YES_AGGRESSIVE;
				CLANG_WARN_UNREACHABLE_CODE = YES;
				CLANG_WARN__DUPLICATE_METHOD_MATCH = YES;
				CODE_SIGN_IDENTITY = "iPhone Developer";
				COPY_PHASE_STRIP = NO;
				DEBUG_INFORMATION_FORMAT = "dwarf-with-dsym";
				ENABLE_NS_ASSERTIONS = NO;
				ENABLE_STRICT_OBJC_MSGSEND = YES;
				GCC_C_LANGUAGE_STANDARD = gnu11;
				GCC_NO_COMMON_BLOCKS = YES;
				GCC_WARN_64_TO_32_BIT_CONVERSION = YES;
				GCC_WARN_ABOUT_RETURN_TYPE = YES_ERROR;
				GCC_WARN_UNDECLARED_SELECTOR = YES;
				GCC_WARN_UNINITIALIZED_AUTOS = YES_AGGRESSIVE;
				GCC_WARN_UNUSED_FUNCTION = YES;
				GCC_WARN_UNUSED_VARIABLE = YES;
				IPHONEOS_DEPLOYMENT_TARGET = 12.1;
				MTL_ENABLE_DEBUG_INFO = NO;
				MTL_FAST_MATH = YES;
				SDKROOT = iphoneos;
				SWIFT_COMPILATION_MODE = wholemodule;
				SWIFT_OPTIMIZATION_LEVEL = "-O";
				VALIDATE_PRODUCT = YES;
			};
			name = Release;
		};
		71CCE6B3221AE94800204142 /* Debug */ = {
			isa = XCBuildConfiguration;
			baseConfigurationReference = 62032535632373A790FA1F36 /* Pods-SkyApp.debug.xcconfig */;
			buildSettings = {
				ASSETCATALOG_COMPILER_APPICON_NAME = AppIcon;
				CODE_SIGN_STYLE = Automatic;
				DEVELOPMENT_TEAM = 4UW8B3X7J9;
				INFOPLIST_FILE = SkyApp/SupportFiles/Info.plist;
				IPHONEOS_DEPLOYMENT_TARGET = 9.0;
				LD_RUNPATH_SEARCH_PATHS = (
					"$(inherited)",
					"@executable_path/Frameworks",
				);
				PRODUCT_BUNDLE_IDENTIFIER = com.SwifterTT.SkyApp;
				PRODUCT_NAME = "$(TARGET_NAME)";
				SWIFT_VERSION = 4.2;
				TARGETED_DEVICE_FAMILY = "1,2";
			};
			name = Debug;
		};
		71CCE6B4221AE94800204142 /* Release */ = {
			isa = XCBuildConfiguration;
			baseConfigurationReference = FBD60C2AF15269CDB884D174 /* Pods-SkyApp.release.xcconfig */;
			buildSettings = {
				ASSETCATALOG_COMPILER_APPICON_NAME = AppIcon;
				CODE_SIGN_STYLE = Automatic;
				DEVELOPMENT_TEAM = 4UW8B3X7J9;
				INFOPLIST_FILE = SkyApp/SupportFiles/Info.plist;
				IPHONEOS_DEPLOYMENT_TARGET = 9.0;
				LD_RUNPATH_SEARCH_PATHS = (
					"$(inherited)",
					"@executable_path/Frameworks",
				);
				PRODUCT_BUNDLE_IDENTIFIER = com.SwifterTT.SkyApp;
				PRODUCT_NAME = "$(TARGET_NAME)";
				SWIFT_VERSION = 4.2;
				TARGETED_DEVICE_FAMILY = "1,2";
			};
			name = Release;
		};
		71CCE6B6221AE94800204142 /* Debug */ = {
			isa = XCBuildConfiguration;
			baseConfigurationReference = 01F7B07E7357963F0025BD79 /* Pods-SkyAppTests.debug.xcconfig */;
			buildSettings = {
				ALWAYS_EMBED_SWIFT_STANDARD_LIBRARIES = YES;
				BUNDLE_LOADER = "$(TEST_HOST)";
				CLANG_ENABLE_MODULES = YES;
				CODE_SIGN_STYLE = Automatic;
				DEVELOPMENT_TEAM = 4UW8B3X7J9;
				INFOPLIST_FILE = SkyAppTests/SupportFiles/Info.plist;
				LD_RUNPATH_SEARCH_PATHS = (
					"$(inherited)",
					"@executable_path/Frameworks",
					"@loader_path/Frameworks",
				);
				PRODUCT_BUNDLE_IDENTIFIER = com.SwifterTT.SkyAppTests;
				PRODUCT_NAME = "$(TARGET_NAME)";
				SWIFT_OPTIMIZATION_LEVEL = "-Onone";
				SWIFT_VERSION = 4.2;
				TARGETED_DEVICE_FAMILY = "1,2";
				TEST_HOST = "$(BUILT_PRODUCTS_DIR)/SkyApp.app/SkyApp";
			};
			name = Debug;
		};
		71CCE6B7221AE94800204142 /* Release */ = {
			isa = XCBuildConfiguration;
			baseConfigurationReference = 69EEDD50819BADB4F01F4301 /* Pods-SkyAppTests.release.xcconfig */;
			buildSettings = {
				ALWAYS_EMBED_SWIFT_STANDARD_LIBRARIES = YES;
				BUNDLE_LOADER = "$(TEST_HOST)";
				CLANG_ENABLE_MODULES = YES;
				CODE_SIGN_STYLE = Automatic;
				DEVELOPMENT_TEAM = 4UW8B3X7J9;
				INFOPLIST_FILE = SkyAppTests/SupportFiles/Info.plist;
				LD_RUNPATH_SEARCH_PATHS = (
					"$(inherited)",
					"@executable_path/Frameworks",
					"@loader_path/Frameworks",
				);
				PRODUCT_BUNDLE_IDENTIFIER = com.SwifterTT.SkyAppTests;
				PRODUCT_NAME = "$(TARGET_NAME)";
				SWIFT_VERSION = 4.2;
				TARGETED_DEVICE_FAMILY = "1,2";
				TEST_HOST = "$(BUILT_PRODUCTS_DIR)/SkyApp.app/SkyApp";
			};
			name = Release;
		};
		71CCE6B9221AE94800204142 /* Debug */ = {
			isa = XCBuildConfiguration;
			baseConfigurationReference = 71FBBCC40E3EC53B40F790C8 /* Pods-SkyAppUITests.debug.xcconfig */;
			buildSettings = {
				ALWAYS_EMBED_SWIFT_STANDARD_LIBRARIES = YES;
				CLANG_ENABLE_MODULES = YES;
				CODE_SIGN_STYLE = Automatic;
				DEVELOPMENT_TEAM = "";
				INFOPLIST_FILE = SkyAppUITests/Info.plist;
				LD_RUNPATH_SEARCH_PATHS = (
					"$(inherited)",
					"@executable_path/Frameworks",
					"@loader_path/Frameworks",
				);
				PRODUCT_BUNDLE_IDENTIFIER = com.SwifterTT.SkyAppUITests;
				PRODUCT_NAME = "$(TARGET_NAME)";
				SWIFT_OPTIMIZATION_LEVEL = "-Onone";
				SWIFT_VERSION = 4.2;
				TARGETED_DEVICE_FAMILY = "1,2";
				TEST_TARGET_NAME = SkyApp;
			};
			name = Debug;
		};
		71CCE6BA221AE94800204142 /* Release */ = {
			isa = XCBuildConfiguration;
			baseConfigurationReference = 0140E990AD2D1F9AE8DFC2B6 /* Pods-SkyAppUITests.release.xcconfig */;
			buildSettings = {
				ALWAYS_EMBED_SWIFT_STANDARD_LIBRARIES = YES;
				CLANG_ENABLE_MODULES = YES;
				CODE_SIGN_STYLE = Automatic;
				DEVELOPMENT_TEAM = "";
				INFOPLIST_FILE = SkyAppUITests/Info.plist;
				LD_RUNPATH_SEARCH_PATHS = (
					"$(inherited)",
					"@executable_path/Frameworks",
					"@loader_path/Frameworks",
				);
				PRODUCT_BUNDLE_IDENTIFIER = com.SwifterTT.SkyAppUITests;
				PRODUCT_NAME = "$(TARGET_NAME)";
				SWIFT_VERSION = 4.2;
				TARGETED_DEVICE_FAMILY = "1,2";
				TEST_TARGET_NAME = SkyApp;
			};
			name = Release;
		};
/* End XCBuildConfiguration section */

/* Begin XCConfigurationList section */
		71CCE685221AE94600204142 /* Build configuration list for PBXProject "SkyApp" */ = {
			isa = XCConfigurationList;
			buildConfigurations = (
				71CCE6B0221AE94800204142 /* Debug */,
				71CCE6B1221AE94800204142 /* Release */,
			);
			defaultConfigurationIsVisible = 0;
			defaultConfigurationName = Release;
		};
		71CCE6B2221AE94800204142 /* Build configuration list for PBXNativeTarget "SkyApp" */ = {
			isa = XCConfigurationList;
			buildConfigurations = (
				71CCE6B3221AE94800204142 /* Debug */,
				71CCE6B4221AE94800204142 /* Release */,
			);
			defaultConfigurationIsVisible = 0;
			defaultConfigurationName = Release;
		};
		71CCE6B5221AE94800204142 /* Build configuration list for PBXNativeTarget "SkyAppTests" */ = {
			isa = XCConfigurationList;
			buildConfigurations = (
				71CCE6B6221AE94800204142 /* Debug */,
				71CCE6B7221AE94800204142 /* Release */,
			);
			defaultConfigurationIsVisible = 0;
			defaultConfigurationName = Release;
		};
		71CCE6B8221AE94800204142 /* Build configuration list for PBXNativeTarget "SkyAppUITests" */ = {
			isa = XCConfigurationList;
			buildConfigurations = (
				71CCE6B9221AE94800204142 /* Debug */,
				71CCE6BA221AE94800204142 /* Release */,
			);
			defaultConfigurationIsVisible = 0;
			defaultConfigurationName = Release;
		};
/* End XCConfigurationList section */
	};
	rootObject = 71CCE682221AE94600204142 /* Project object */;
}
